{
  "originHash" : "40d6e460705297e9c6b61731e4c795ad646a9c95c7600975ff39beee5530d264",
  "pins" : [
    {
      "identity" : "leeokit",
      "kind" : "remoteSourceControl",
      "location" : "https://github.com/M1zz/LeeoKit.git",
      "state" : {
        "revision" : "b3dad49e7ad3aa6c9e9397b216c261544cba72b0",
        "version" : "3.16.1"
      }
    }
  ],
  "version" : 3
}
